
Microsoft Visual Studio Solution File, Format Version 12.00
# Visual Studio Version 16
VisualStudioVersion = 16.0.30804.86
MinimumVisualStudioVersion = 10.0.40219.1
Project("{FAE04EC0-301F-11D3-BF4B-00C04F79EFBC}") = "Simple_Paint", "Simple_Paint\Simple_Paint.csproj", "{3212CD25-F60F-476D-9B66-EA91E35DADA3}"
EndProject
Global
	GlobalSection(SolutionConfigurationPlatforms) = preSolution
		Debug|Any CPU = Debug|Any CPU
		Release|Any CPU = Release|Any CPU
	EndGlobalSection
	GlobalSection(ProjectConfigurationPlatforms) = postSolution
		{3212CD25-F60F-476D-9B66-EA91E35DADA3}.Debug|Any CPU.ActiveCfg = Debug|Any CPU
		{3212CD25-F60F-476D-9B66-EA91E35DADA3}.Debug|Any CPU.Build.0 = Debug|Any CPU
		{3212CD25-F60F-476D-9B66-EA91E35DADA3}.Release|Any CPU.ActiveCfg = Release|Any CPU
		{3212CD25-F60F-476D-9B66-EA91E35DADA3}.Release|Any CPU.Build.0 = Release|Any CPU
	EndGlobalSection
	GlobalSection(SolutionProperties) = preSolution
		HideSolutionNode = FALSE
	EndGlobalSection
	GlobalSection(ExtensibilityGlobals) = postSolution
		SolutionGuid = {858EE96D-7858-48D0-AC0A-48103D81EDC0}
	EndGlobalSection
EndGlobal
