
Microsoft Visual Studio Solution File, Format Version 12.00
# Visual Studio Version 16
VisualStudioVersion = 16.0.30804.86
MinimumVisualStudioVersion = 10.0.40219.1
Project("{FAE04EC0-301F-11D3-BF4B-00C04F79EFBC}") = "WorkWithFiles", "WorkWithFiles\WorkWithFiles.csproj", "{261F9FCD-FFC7-49A8-9FD8-E6DF497E080E}"
EndProject
Global
	GlobalSection(SolutionConfigurationPlatforms) = preSolution
		Debug|Any CPU = Debug|Any CPU
		Release|Any CPU = Release|Any CPU
	EndGlobalSection
	GlobalSection(ProjectConfigurationPlatforms) = postSolution
		{261F9FCD-FFC7-49A8-9FD8-E6DF497E080E}.Debug|Any CPU.ActiveCfg = Debug|Any CPU
		{261F9FCD-FFC7-49A8-9FD8-E6DF497E080E}.Debug|Any CPU.Build.0 = Debug|Any CPU
		{261F9FCD-FFC7-49A8-9FD8-E6DF497E080E}.Release|Any CPU.ActiveCfg = Release|Any CPU
		{261F9FCD-FFC7-49A8-9FD8-E6DF497E080E}.Release|Any CPU.Build.0 = Release|Any CPU
	EndGlobalSection
	GlobalSection(SolutionProperties) = preSolution
		HideSolutionNode = FALSE
	EndGlobalSection
	GlobalSection(ExtensibilityGlobals) = postSolution
		SolutionGuid = {97FB6EAE-38BF-408E-BA6D-989DFE1689D1}
	EndGlobalSection
EndGlobal
