
Microsoft Visual Studio Solution File, Format Version 12.00
# Visual Studio Version 16
VisualStudioVersion = 16.0.30804.86
MinimumVisualStudioVersion = 10.0.40219.1
Project("{FAE04EC0-301F-11D3-BF4B-00C04F79EFBC}") = "Censorship", "Censorship\Censorship.csproj", "{02D4D6D2-314A-4748-B38A-570604C83D19}"
EndProject
Global
	GlobalSection(SolutionConfigurationPlatforms) = preSolution
		Debug|Any CPU = Debug|Any CPU
		Release|Any CPU = Release|Any CPU
	EndGlobalSection
	GlobalSection(ProjectConfigurationPlatforms) = postSolution
		{02D4D6D2-314A-4748-B38A-570604C83D19}.Debug|Any CPU.ActiveCfg = Debug|Any CPU
		{02D4D6D2-314A-4748-B38A-570604C83D19}.Debug|Any CPU.Build.0 = Debug|Any CPU
		{02D4D6D2-314A-4748-B38A-570604C83D19}.Release|Any CPU.ActiveCfg = Release|Any CPU
		{02D4D6D2-314A-4748-B38A-570604C83D19}.Release|Any CPU.Build.0 = Release|Any CPU
	EndGlobalSection
	GlobalSection(SolutionProperties) = preSolution
		HideSolutionNode = FALSE
	EndGlobalSection
	GlobalSection(ExtensibilityGlobals) = postSolution
		SolutionGuid = {9697E963-3EAC-40BF-9772-951E88C7B4C7}
	EndGlobalSection
EndGlobal
