
Microsoft Visual Studio Solution File, Format Version 12.00
# Visual Studio Version 16
VisualStudioVersion = 16.0.30406.217
MinimumVisualStudioVersion = 10.0.40219.1
Project("{8BC9CEB8-8B4A-11D0-8D11-00A0C91BC942}") = "Хранилище целых чисел", "Хранилище целых чисел\Хранилище целых чисел.vcxproj", "{6A4DC0D6-E59B-4C25-843B-E0E12759976C}"
EndProject
Global
	GlobalSection(SolutionConfigurationPlatforms) = preSolution
		Debug|x64 = Debug|x64
		Debug|x86 = Debug|x86
		Release|x64 = Release|x64
		Release|x86 = Release|x86
	EndGlobalSection
	GlobalSection(ProjectConfigurationPlatforms) = postSolution
		{6A4DC0D6-E59B-4C25-843B-E0E12759976C}.Debug|x64.ActiveCfg = Debug|x64
		{6A4DC0D6-E59B-4C25-843B-E0E12759976C}.Debug|x64.Build.0 = Debug|x64
		{6A4DC0D6-E59B-4C25-843B-E0E12759976C}.Debug|x86.ActiveCfg = Debug|Win32
		{6A4DC0D6-E59B-4C25-843B-E0E12759976C}.Debug|x86.Build.0 = Debug|Win32
		{6A4DC0D6-E59B-4C25-843B-E0E12759976C}.Release|x64.ActiveCfg = Release|x64
		{6A4DC0D6-E59B-4C25-843B-E0E12759976C}.Release|x64.Build.0 = Release|x64
		{6A4DC0D6-E59B-4C25-843B-E0E12759976C}.Release|x86.ActiveCfg = Release|Win32
		{6A4DC0D6-E59B-4C25-843B-E0E12759976C}.Release|x86.Build.0 = Release|Win32
	EndGlobalSection
	GlobalSection(SolutionProperties) = preSolution
		HideSolutionNode = FALSE
	EndGlobalSection
	GlobalSection(ExtensibilityGlobals) = postSolution
		SolutionGuid = {33508059-3832-46DE-8D52-D0C573336C95}
	EndGlobalSection
EndGlobal
